
Microsoft Visual Studio Solution File, Format Version 12.00
# Visual Studio Version 17
VisualStudioVersion = 17.4.33403.182
MinimumVisualStudioVersion = 10.0.40219.1
Project("{9A19103F-16F7-4668-BE54-9A1E7A4F7556}") = "TicketBookingAPI", "TicketBookingAPI\TicketBookingAPI.csproj", "{6FE4BEE0-1ADE-43BA-9C80-DAF520B1CFC4}"
EndProject
Project("{9A19103F-16F7-4668-BE54-9A1E7A4F7556}") = "TicketBookingData", "TicketBookingData\TicketBookingData.csproj", "{B4A7BBF9-F3EC-4118-A48D-85F60A65A564}"
EndProject
Project("{9A19103F-16F7-4668-BE54-9A1E7A4F7556}") = "TicketBookingDomain", "TicketBookingDomain\TicketBookingDomain.csproj", "{87044F3F-D28B-46B0-ABB6-DD84ACF1CB50}"
EndProject
Project("{9A19103F-16F7-4668-BE54-9A1E7A4F7556}") = "TicketBooking.Repository", "TicketBooking.Repository\TicketBooking.Repository.csproj", "{222C74A9-FE1B-4E44-B2D1-280649FA43FA}"
EndProject
Project("{9A19103F-16F7-4668-BE54-9A1E7A4F7556}") = "TicketBooking.Services", "TicketBooking.Services\TicketBooking.Services.csproj", "{D8A61585-CDED-4A94-BF30-71204DA5CF2C}"
EndProject
Project("{9A19103F-16F7-4668-BE54-9A1E7A4F7556}") = "TicketBooking.Models", "TicketBooking.Models\TicketBooking.Models.csproj", "{510D6C3B-35BA-4117-A719-4B88D80F0012}"
EndProject
Project("{FAE04EC0-301F-11D3-BF4B-00C04F79EFBC}") = "TicketBooking.Test", "..\TicketBooking.Test\TicketBooking.Test.csproj", "{A3B48625-27F8-4F4A-B7AF-B43498A84BF1}"
EndProject
Global
	GlobalSection(SolutionConfigurationPlatforms) = preSolution
		Debug|Any CPU = Debug|Any CPU
		Release|Any CPU = Release|Any CPU
	EndGlobalSection
	GlobalSection(ProjectConfigurationPlatforms) = postSolution
		{6FE4BEE0-1ADE-43BA-9C80-DAF520B1CFC4}.Debug|Any CPU.ActiveCfg = Debug|Any CPU
		{6FE4BEE0-1ADE-43BA-9C80-DAF520B1CFC4}.Debug|Any CPU.Build.0 = Debug|Any CPU
		{6FE4BEE0-1ADE-43BA-9C80-DAF520B1CFC4}.Release|Any CPU.ActiveCfg = Release|Any CPU
		{6FE4BEE0-1ADE-43BA-9C80-DAF520B1CFC4}.Release|Any CPU.Build.0 = Release|Any CPU
		{B4A7BBF9-F3EC-4118-A48D-85F60A65A564}.Debug|Any CPU.ActiveCfg = Debug|Any CPU
		{B4A7BBF9-F3EC-4118-A48D-85F60A65A564}.Debug|Any CPU.Build.0 = Debug|Any CPU
		{B4A7BBF9-F3EC-4118-A48D-85F60A65A564}.Release|Any CPU.ActiveCfg = Release|Any CPU
		{B4A7BBF9-F3EC-4118-A48D-85F60A65A564}.Release|Any CPU.Build.0 = Release|Any CPU
		{87044F3F-D28B-46B0-ABB6-DD84ACF1CB50}.Debug|Any CPU.ActiveCfg = Debug|Any CPU
		{87044F3F-D28B-46B0-ABB6-DD84ACF1CB50}.Debug|Any CPU.Build.0 = Debug|Any CPU
		{87044F3F-D28B-46B0-ABB6-DD84ACF1CB50}.Release|Any CPU.ActiveCfg = Release|Any CPU
		{87044F3F-D28B-46B0-ABB6-DD84ACF1CB50}.Release|Any CPU.Build.0 = Release|Any CPU
		{222C74A9-FE1B-4E44-B2D1-280649FA43FA}.Debug|Any CPU.ActiveCfg = Debug|Any CPU
		{222C74A9-FE1B-4E44-B2D1-280649FA43FA}.Debug|Any CPU.Build.0 = Debug|Any CPU
		{222C74A9-FE1B-4E44-B2D1-280649FA43FA}.Release|Any CPU.ActiveCfg = Release|Any CPU
		{222C74A9-FE1B-4E44-B2D1-280649FA43FA}.Release|Any CPU.Build.0 = Release|Any CPU
		{D8A61585-CDED-4A94-BF30-71204DA5CF2C}.Debug|Any CPU.ActiveCfg = Debug|Any CPU
		{D8A61585-CDED-4A94-BF30-71204DA5CF2C}.Debug|Any CPU.Build.0 = Debug|Any CPU
		{D8A61585-CDED-4A94-BF30-71204DA5CF2C}.Release|Any CPU.ActiveCfg = Release|Any CPU
		{D8A61585-CDED-4A94-BF30-71204DA5CF2C}.Release|Any CPU.Build.0 = Release|Any CPU
		{510D6C3B-35BA-4117-A719-4B88D80F0012}.Debug|Any CPU.ActiveCfg = Debug|Any CPU
		{510D6C3B-35BA-4117-A719-4B88D80F0012}.Debug|Any CPU.Build.0 = Debug|Any CPU
		{510D6C3B-35BA-4117-A719-4B88D80F0012}.Release|Any CPU.ActiveCfg = Release|Any CPU
		{510D6C3B-35BA-4117-A719-4B88D80F0012}.Release|Any CPU.Build.0 = Release|Any CPU
		{A3B48625-27F8-4F4A-B7AF-B43498A84BF1}.Debug|Any CPU.ActiveCfg = Debug|Any CPU
		{A3B48625-27F8-4F4A-B7AF-B43498A84BF1}.Debug|Any CPU.Build.0 = Debug|Any CPU
		{A3B48625-27F8-4F4A-B7AF-B43498A84BF1}.Release|Any CPU.ActiveCfg = Release|Any CPU
		{A3B48625-27F8-4F4A-B7AF-B43498A84BF1}.Release|Any CPU.Build.0 = Release|Any CPU
	EndGlobalSection
	GlobalSection(SolutionProperties) = preSolution
		HideSolutionNode = FALSE
	EndGlobalSection
	GlobalSection(ExtensibilityGlobals) = postSolution
		SolutionGuid = {E9BA238F-CEFF-49BF-B3EA-9C4419E2769F}
	EndGlobalSection
EndGlobal
